
Microsoft Visual Studio Solution File, Format Version 12.00
# Visual Studio Version 17
VisualStudioVersion = 17.2.32526.322
MinimumVisualStudioVersion = 10.0.40219.1
Project("{FAE04EC0-301F-11D3-BF4B-00C04F79EFBC}") = "HesapMakinesi", "HesapMakinesi\HesapMakinesi.csproj", "{6F3AA120-88C8-4664-820C-482012AC790A}"
EndProject
Global
	GlobalSection(SolutionConfigurationPlatforms) = preSolution
		Debug|Any CPU = Debug|Any CPU
		Release|Any CPU = Release|Any CPU
	EndGlobalSection
	GlobalSection(ProjectConfigurationPlatforms) = postSolution
		{6F3AA120-88C8-4664-820C-482012AC790A}.Debug|Any CPU.ActiveCfg = Debug|Any CPU
		{6F3AA120-88C8-4664-820C-482012AC790A}.Debug|Any CPU.Build.0 = Debug|Any CPU
		{6F3AA120-88C8-4664-820C-482012AC790A}.Release|Any CPU.ActiveCfg = Release|Any CPU
		{6F3AA120-88C8-4664-820C-482012AC790A}.Release|Any CPU.Build.0 = Release|Any CPU
	EndGlobalSection
	GlobalSection(SolutionProperties) = preSolution
		HideSolutionNode = FALSE
	EndGlobalSection
	GlobalSection(ExtensibilityGlobals) = postSolution
		SolutionGuid = {7FE5461B-0DC5-42F8-9E27-963E5B3F745A}
	EndGlobalSection
EndGlobal
